{
  "projects": [
    {
      "projectId": "oGQcGtbFzYohLFbpGrRxL3",
      "version": "latest",
      "dependencies": {
        "7nJ7UcFmq9UzB6eXfC5z4a": "0.13.0"
      },
      "lang": "js",
      "fileLocks": [
        {
          "type": "globalVariant",
          "assetId": "bmXrKIWBOIVDW",
          "checksum": "651057dc7c096faab908a187e035b1e9"
        },
        {
          "type": "renderModule",
          "assetId": "Ybl9MM68MVSW",
          "checksum": "42685cfb4f87e4b4ac822d7700107985"
        },
        {
          "type": "cssRules",
          "assetId": "Ybl9MM68MVSW",
          "checksum": "42685cfb4f87e4b4ac822d7700107985"
        },
        {
          "type": "renderModule",
          "assetId": "NaO7GDEY89",
          "checksum": "2a6f774d7ef903b80590800507587a06"
        },
        {
          "type": "cssRules",
          "assetId": "NaO7GDEY89",
          "checksum": "2a6f774d7ef903b80590800507587a06"
        },
        {
          "type": "renderModule",
          "assetId": "e1ZoCU6W1V",
          "checksum": "f64f9bb2a0269afeba16452b29034743"
        },
        {
          "type": "cssRules",
          "assetId": "e1ZoCU6W1V",
          "checksum": "f64f9bb2a0269afeba16452b29034743"
        },
        {
          "type": "renderModule",
          "assetId": "puKm7ksVLVR",
          "checksum": "1801795070e956bf6d0ac01aec9648bd"
        },
        {
          "type": "cssRules",
          "assetId": "puKm7ksVLVR",
          "checksum": "1801795070e956bf6d0ac01aec9648bd"
        },
        {
          "type": "icon",
          "assetId": "ARaGWbusD",
          "checksum": "4b0ef91aef755bb1df09568ded55b043"
        },
        {
          "type": "icon",
          "assetId": "54fgFiIVv2",
          "checksum": "51bd255b3ac57eea65fcb72d8cd1e1f4"
        },
        {
          "type": "icon",
          "assetId": "FvtAmqf4DD",
          "checksum": "5d025b5e5d89cab56334c25a53d89601"
        },
        {
          "type": "icon",
          "assetId": "Af8W2fKOCs",
          "checksum": "6650789b4484a4e1e2440a38df4ad590"
        },
        {
          "type": "icon",
          "assetId": "vTWh1pCPXu",
          "checksum": "27fbe13222320b7ed4fe9f9607ac55aa"
        },
        {
          "type": "icon",
          "assetId": "m2ezYW9JIc",
          "checksum": "259670c100efc236a06a7cdf464ba8c0"
        },
        {
          "type": "icon",
          "assetId": "PqQwYULlsQ",
          "checksum": "32223ca4819994f32b3f6a2082279ea4"
        },
        {
          "type": "icon",
          "assetId": "fcoms_diEDe",
          "checksum": "57aa526f74440e543232d1c75c184399"
        },
        {
          "type": "icon",
          "assetId": "3EnnKuvE8Es",
          "checksum": "6c94fd4acb8e18469753bb84cca310c5"
        },
        {
          "type": "icon",
          "assetId": "jioqPss8S",
          "checksum": "7836446df51a46b3fddc6ea73892eff4"
        },
        {
          "type": "icon",
          "assetId": "_ML9L86z7M",
          "checksum": "34c7fe9b1b651b170bf03c4beacf6319"
        },
        {
          "type": "icon",
          "assetId": "SsHUxMu660",
          "checksum": "7ae237a5d95a4276d5a2b04f1fe62e5d"
        },
        {
          "type": "image",
          "assetId": "mSbh-K_ZZa",
          "checksum": "e8c7bc918bf4759c7c50c9aee80f6442"
        },
        {
          "type": "image",
          "assetId": "B5_g8tSvIL",
          "checksum": "6d0beb0db22dadb6361493f4c11a89b9"
        },
        {
          "type": "image",
          "assetId": "xScDVn-NT",
          "checksum": "e72d91b37794181ed71f8312b9befe9b"
        },
        {
          "type": "image",
          "assetId": "6w6DQyfAv",
          "checksum": "2ef6fdd1615aa9f96662a6d3b63dcae6"
        },
        {
          "type": "icon",
          "assetId": "Lv8Znu3CNG",
          "checksum": "5f39516ce36e0c4aebc9dfd67fb82585"
        },
        {
          "assetId": "oGQcGtbFzYohLFbpGrRxL3",
          "type": "projectCss",
          "checksum": "fa37ef9e0cc47028f230195ea66063bf"
        },
        {
          "type": "renderModule",
          "assetId": "s6BAdvu7gu",
          "checksum": "75c45098bc1e57fb77b18f1ebc646cac"
        },
        {
          "type": "cssRules",
          "assetId": "s6BAdvu7gu",
          "checksum": "75c45098bc1e57fb77b18f1ebc646cac"
        }
      ],
      "codegenVersion": "0.0.1"
    },
    {
      "projectId": "7nJ7UcFmq9UzB6eXfC5z4a",
      "version": "0.13.0",
      "dependencies": {},
      "lang": "js",
      "fileLocks": [
        {
          "assetId": "7nJ7UcFmq9UzB6eXfC5z4a",
          "type": "projectCss",
          "checksum": "620158b11d2acad6742550afabaf3e3e"
        }
      ],
      "codegenVersion": "0.0.1"
    }
  ],
  "cliVersion": "0.1.258"
}
