{
  "projects": [
    {
      "projectId": "oGQcGtbFzYohLFbpGrRxL3",
      "version": "latest",
      "dependencies": {
        "7nJ7UcFmq9UzB6eXfC5z4a": "0.14.0"
      },
      "lang": "js",
      "fileLocks": [
        {
          "type": "globalVariant",
          "assetId": "bmXrKIWBOIVDW",
          "checksum": "651057dc7c096faab908a187e035b1e9"
        },
        {
          "type": "renderModule",
          "assetId": "Ybl9MM68MVSW",
          "checksum": "f3f5a80cbf03c55bd68628e556c594bf"
        },
        {
          "type": "cssRules",
          "assetId": "Ybl9MM68MVSW",
          "checksum": "f3f5a80cbf03c55bd68628e556c594bf"
        },
        {
          "type": "renderModule",
          "assetId": "NaO7GDEY89",
          "checksum": "2c2718c3f4134cd7658a66b4faf97936"
        },
        {
          "type": "cssRules",
          "assetId": "NaO7GDEY89",
          "checksum": "2c2718c3f4134cd7658a66b4faf97936"
        },
        {
          "type": "renderModule",
          "assetId": "e1ZoCU6W1V",
          "checksum": "f64f9bb2a0269afeba16452b29034743"
        },
        {
          "type": "cssRules",
          "assetId": "e1ZoCU6W1V",
          "checksum": "f64f9bb2a0269afeba16452b29034743"
        },
        {
          "type": "renderModule",
          "assetId": "puKm7ksVLVR",
          "checksum": "1801795070e956bf6d0ac01aec9648bd"
        },
        {
          "type": "cssRules",
          "assetId": "puKm7ksVLVR",
          "checksum": "1801795070e956bf6d0ac01aec9648bd"
        },
        {
          "type": "icon",
          "assetId": "ARaGWbusD",
          "checksum": "4b0ef91aef755bb1df09568ded55b043"
        },
        {
          "type": "icon",
          "assetId": "54fgFiIVv2",
          "checksum": "51bd255b3ac57eea65fcb72d8cd1e1f4"
        },
        {
          "type": "icon",
          "assetId": "FvtAmqf4DD",
          "checksum": "5d025b5e5d89cab56334c25a53d89601"
        },
        {
          "type": "icon",
          "assetId": "Af8W2fKOCs",
          "checksum": "6650789b4484a4e1e2440a38df4ad590"
        },
        {
          "type": "icon",
          "assetId": "vTWh1pCPXu",
          "checksum": "27fbe13222320b7ed4fe9f9607ac55aa"
        },
        {
          "type": "icon",
          "assetId": "m2ezYW9JIc",
          "checksum": "259670c100efc236a06a7cdf464ba8c0"
        },
        {
          "type": "icon",
          "assetId": "PqQwYULlsQ",
          "checksum": "32223ca4819994f32b3f6a2082279ea4"
        },
        {
          "type": "icon",
          "assetId": "fcoms_diEDe",
          "checksum": "57aa526f74440e543232d1c75c184399"
        },
        {
          "type": "icon",
          "assetId": "3EnnKuvE8Es",
          "checksum": "6c94fd4acb8e18469753bb84cca310c5"
        },
        {
          "type": "icon",
          "assetId": "jioqPss8S",
          "checksum": "7836446df51a46b3fddc6ea73892eff4"
        },
        {
          "type": "icon",
          "assetId": "_ML9L86z7M",
          "checksum": "34c7fe9b1b651b170bf03c4beacf6319"
        },
        {
          "type": "icon",
          "assetId": "SsHUxMu660",
          "checksum": "7ae237a5d95a4276d5a2b04f1fe62e5d"
        },
        {
          "type": "image",
          "assetId": "mSbh-K_ZZa",
          "checksum": "e8c7bc918bf4759c7c50c9aee80f6442"
        },
        {
          "type": "image",
          "assetId": "B5_g8tSvIL",
          "checksum": "6d0beb0db22dadb6361493f4c11a89b9"
        },
        {
          "type": "image",
          "assetId": "xScDVn-NT",
          "checksum": "e72d91b37794181ed71f8312b9befe9b"
        },
        {
          "type": "image",
          "assetId": "6w6DQyfAv",
          "checksum": "2ef6fdd1615aa9f96662a6d3b63dcae6"
        },
        {
          "type": "icon",
          "assetId": "Lv8Znu3CNG",
          "checksum": "5f39516ce36e0c4aebc9dfd67fb82585"
        },
        {
          "type": "renderModule",
          "assetId": "s6BAdvu7gu",
          "checksum": "337387d6c28c2b2315d8ae197087606a"
        },
        {
          "type": "cssRules",
          "assetId": "s6BAdvu7gu",
          "checksum": "337387d6c28c2b2315d8ae197087606a"
        },
        {
          "type": "renderModule",
          "assetId": "RdHlrJ1IAu",
          "checksum": "3010b6af75b2e00e66505af5d7c214f4"
        },
        {
          "type": "cssRules",
          "assetId": "RdHlrJ1IAu",
          "checksum": "3010b6af75b2e00e66505af5d7c214f4"
        },
        {
          "type": "renderModule",
          "assetId": "6NjpMkUH8g-",
          "checksum": "5897ecb7436202911ef4f19873b164ad"
        },
        {
          "type": "cssRules",
          "assetId": "6NjpMkUH8g-",
          "checksum": "5897ecb7436202911ef4f19873b164ad"
        },
        {
          "type": "icon",
          "assetId": "OY1KSwwKNC",
          "checksum": "b5ca0f24d11210dbb16e6920d842dff1"
        },
        {
          "type": "icon",
          "assetId": "bHHCIj0oV",
          "checksum": "6134b264639d767bf39303590dd3392a"
        },
        {
          "type": "icon",
          "assetId": "9WqpIBpt3K",
          "checksum": "6e376674e13fd5f16d63eaf5b2c3171c"
        },
        {
          "type": "icon",
          "assetId": "kpU_nZgOJW",
          "checksum": "c6d8d84667f1759755c7666d722fd01d"
        },
        {
          "type": "icon",
          "assetId": "-XIeFpLboO",
          "checksum": "67854222e9c2fb25c30a256a3e1608a3"
        },
        {
          "type": "icon",
          "assetId": "2w8-9uBSES",
          "checksum": "128fdac26584857226d1bd0c501d9c67"
        },
        {
          "type": "image",
          "assetId": "bYwskdO8_",
          "checksum": "1e62bfb65fd791b2385f133a128d198d"
        },
        {
          "type": "image",
          "assetId": "8JR49v1G2W",
          "checksum": "f6eec9a61f70e7ca66db322792134e28"
        },
        {
          "type": "image",
          "assetId": "JI-9CIeP5G",
          "checksum": "fbc11703892cd912c30e2fa7624fd7f7"
        },
        {
          "type": "image",
          "assetId": "fe6oYxri2B",
          "checksum": "310fbbdd1e212a87d729880c238f0c2d"
        },
        {
          "type": "image",
          "assetId": "SEpKCrTHi0",
          "checksum": "3b20a0a41a860bf96fc7143e7f61862c"
        },
        {
          "type": "image",
          "assetId": "oVybxATEP",
          "checksum": "1343c19a2e2744cdb982d614b2bcf440"
        },
        {
          "type": "image",
          "assetId": "5_3NCxLRcA",
          "checksum": "8d675dc80f1814ef219a153e17b56ce9"
        },
        {
          "type": "image",
          "assetId": "HvPQaGEjAa",
          "checksum": "9ee2c666f2c47c2dd8ff738857ba88e6"
        },
        {
          "type": "image",
          "assetId": "eIacBx8itx",
          "checksum": "1deb35c9d08bb5a8884a942548cca945"
        },
        {
          "type": "image",
          "assetId": "UMkNDbIWC",
          "checksum": "db9d01652c67c19a638181ae3f1c101b"
        },
        {
          "type": "icon",
          "assetId": "5zaaodNA-j",
          "checksum": "e12f467e52e6fd771ba6c3ccf13e0d6c"
        },
        {
          "type": "image",
          "assetId": "EepSE_294",
          "checksum": "ac3936c8c728aded894af27429695794"
        },
        {
          "type": "image",
          "assetId": "uKnFhe8-Sm",
          "checksum": "b2b1f6da90b152f43cce0286aa3c2de4"
        },
        {
          "type": "image",
          "assetId": "VBQOLViFb4",
          "checksum": "68eb4307cac41b23822f5594bac18f78"
        },
        {
          "type": "image",
          "assetId": "s6Vvy9XitL",
          "checksum": "6a0f8438266f6e14982525b1307aff4d"
        },
        {
          "type": "image",
          "assetId": "3vY3ttAsyM",
          "checksum": "a08def3e743c99a94dee54f9c328adcc"
        },
        {
          "type": "image",
          "assetId": "b4TOO4vU6k",
          "checksum": "87f41b0d2b34ecc17bd00680e0b24cc6"
        },
        {
          "type": "image",
          "assetId": "I2hcGaxO_C",
          "checksum": "99819dc9cc7204cd1533dd2c5cd88ad3"
        },
        {
          "type": "icon",
          "assetId": "PfPBwXScCL",
          "checksum": "2233e861c892be0a428da95cbd1817a0"
        },
        {
          "type": "icon",
          "assetId": "uM0UfxiiLg",
          "checksum": "12358a9dc4ac69a98b599d993b9bd8f9"
        },
        {
          "type": "icon",
          "assetId": "b3IC_eiOwR",
          "checksum": "8638a14e49b3907416a71bfb1e2a533e"
        },
        {
          "type": "icon",
          "assetId": "1Aov_gh-ME",
          "checksum": "236c9fcd0bb5855928462a04b37a855e"
        },
        {
          "type": "image",
          "assetId": "_afK28rv9",
          "checksum": "6e2cbd8d30fd65e44dc7875e03fe1922"
        },
        {
          "type": "image",
          "assetId": "3kkebjjT7M",
          "checksum": "6bf8c644be99a991f6826a7b861d3d03"
        },
        {
          "type": "image",
          "assetId": "RLU3MExVc8",
          "checksum": "5506107027d7d7195bedfe8cea199c0b"
        },
        {
          "assetId": "oGQcGtbFzYohLFbpGrRxL3",
          "type": "projectCss",
          "checksum": "53c42c450a78137e149cfe8e4b8bed22"
        }
      ],
      "codegenVersion": "0.0.1"
    },
    {
      "projectId": "7nJ7UcFmq9UzB6eXfC5z4a",
      "version": "0.14.0",
      "dependencies": {},
      "lang": "js",
      "fileLocks": [
        {
          "assetId": "7nJ7UcFmq9UzB6eXfC5z4a",
          "type": "projectCss",
          "checksum": "05587b57f22f0ec8bb54543deb39762e"
        }
      ],
      "codegenVersion": "0.0.1"
    }
  ],
  "cliVersion": "0.1.258"
}
